
Microsoft Visual Studio Solution File, Format Version 12.00
# Visual Studio 2012
Project("{FAE04EC0-301F-11D3-BF4B-00C04F79EFBC}") = "Rusty.ObservationLog.Domain", "Rusty.ObservationLog.Domain\Rusty.ObservationLog.Domain.csproj", "{C04DD396-6B35-49B9-B553-6B0106DB8598}"
EndProject
Project("{FAE04EC0-301F-11D3-BF4B-00C04F79EFBC}") = "Rusty.ObservationLog.Db", "Rusty.ObservationLog.Db\Rusty.ObservationLog.Db.csproj", "{95E37575-88B1-4F61-B016-345C1CD66EA2}"
EndProject
Project("{FAE04EC0-301F-11D3-BF4B-00C04F79EFBC}") = "Rusty.ObservationLog.Console", "Rusty.ObservationLog.Console\Rusty.ObservationLog.Console.csproj", "{7E9712A3-8927-4F0E-830D-1EF6FECF088F}"
EndProject
Global
	GlobalSection(SolutionConfigurationPlatforms) = preSolution
		Debug|Any CPU = Debug|Any CPU
		Release|Any CPU = Release|Any CPU
	EndGlobalSection
	GlobalSection(ProjectConfigurationPlatforms) = postSolution
		{C04DD396-6B35-49B9-B553-6B0106DB8598}.Debug|Any CPU.ActiveCfg = Debug|Any CPU
		{C04DD396-6B35-49B9-B553-6B0106DB8598}.Debug|Any CPU.Build.0 = Debug|Any CPU
		{C04DD396-6B35-49B9-B553-6B0106DB8598}.Release|Any CPU.ActiveCfg = Release|Any CPU
		{C04DD396-6B35-49B9-B553-6B0106DB8598}.Release|Any CPU.Build.0 = Release|Any CPU
		{95E37575-88B1-4F61-B016-345C1CD66EA2}.Debug|Any CPU.ActiveCfg = Debug|Any CPU
		{95E37575-88B1-4F61-B016-345C1CD66EA2}.Debug|Any CPU.Build.0 = Debug|Any CPU
		{95E37575-88B1-4F61-B016-345C1CD66EA2}.Release|Any CPU.ActiveCfg = Release|Any CPU
		{95E37575-88B1-4F61-B016-345C1CD66EA2}.Release|Any CPU.Build.0 = Release|Any CPU
		{7E9712A3-8927-4F0E-830D-1EF6FECF088F}.Debug|Any CPU.ActiveCfg = Debug|Any CPU
		{7E9712A3-8927-4F0E-830D-1EF6FECF088F}.Debug|Any CPU.Build.0 = Debug|Any CPU
		{7E9712A3-8927-4F0E-830D-1EF6FECF088F}.Release|Any CPU.ActiveCfg = Release|Any CPU
		{7E9712A3-8927-4F0E-830D-1EF6FECF088F}.Release|Any CPU.Build.0 = Release|Any CPU
	EndGlobalSection
	GlobalSection(SolutionProperties) = preSolution
		HideSolutionNode = FALSE
	EndGlobalSection
EndGlobal
